
Microsoft Visual Studio Solution File, Format Version 12.00
# Visual Studio Version 17
VisualStudioVersion = 17.7.34031.279
MinimumVisualStudioVersion = 10.0.40219.1
Project("{9A19103F-16F7-4668-BE54-9A1E7A4F7556}") = "WOTR_MAKING_FRIENDS", "WOTR_MAKING_FRIENDS.csproj", "{1995A977-3CE4-4AF4-B661-D32F1013385B}"
EndProject
Project("{2150E333-8FDC-42A3-9474-1A3956D46DE8}") = "Solution Items", "Solution Items", "{4A497E26-5BF2-47E6-98A7-6D3B78257FAD}"
	ProjectSection(SolutionItems) = preProject
		.editorconfig = .editorconfig
	EndProjectSection
EndProject
Global
	GlobalSection(SolutionConfigurationPlatforms) = preSolution
		Debug|Any CPU = Debug|Any CPU
		Release|Any CPU = Release|Any CPU
	EndGlobalSection
	GlobalSection(ProjectConfigurationPlatforms) = postSolution
		{1995A977-3CE4-4AF4-B661-D32F1013385B}.Debug|Any CPU.ActiveCfg = Debug|Any CPU
		{1995A977-3CE4-4AF4-B661-D32F1013385B}.Debug|Any CPU.Build.0 = Debug|Any CPU
		{1995A977-3CE4-4AF4-B661-D32F1013385B}.Release|Any CPU.ActiveCfg = Release|Any CPU
		{1995A977-3CE4-4AF4-B661-D32F1013385B}.Release|Any CPU.Build.0 = Release|Any CPU
	EndGlobalSection
	GlobalSection(SolutionProperties) = preSolution
		HideSolutionNode = FALSE
	EndGlobalSection
	GlobalSection(ExtensibilityGlobals) = postSolution
		SolutionGuid = {D9A3150F-1380-4A18-8DDD-96BDDDD49AE3}
	EndGlobalSection
EndGlobal
